
Microsoft Visual Studio Solution File, Format Version 11.00
# Visual Studio 2010
Project("{FAE04EC0-301F-11D3-BF4B-00C04F79EFBC}") = "The Dungeon", "The Dungeon\The Dungeon\The Dungeon.csproj", "{6852918D-F83D-4237-86FC-ECC836F209DC}"
EndProject
Project("{96E2B04D-8817-42C6-938A-82C39BA4D311}") = "The DungeonContent", "The Dungeon\The DungeonContent\The DungeonContent.contentproj", "{E421648F-4941-4E1A-B1CB-38C6D3CC2C0E}"
EndProject
Global
	GlobalSection(SolutionConfigurationPlatforms) = preSolution
		Debug|x86 = Debug|x86
		Release|x86 = Release|x86
	EndGlobalSection
	GlobalSection(ProjectConfigurationPlatforms) = postSolution
		{6852918D-F83D-4237-86FC-ECC836F209DC}.Debug|x86.ActiveCfg = Debug|x86
		{6852918D-F83D-4237-86FC-ECC836F209DC}.Debug|x86.Build.0 = Debug|x86
		{6852918D-F83D-4237-86FC-ECC836F209DC}.Release|x86.ActiveCfg = Release|x86
		{6852918D-F83D-4237-86FC-ECC836F209DC}.Release|x86.Build.0 = Release|x86
		{E421648F-4941-4E1A-B1CB-38C6D3CC2C0E}.Debug|x86.ActiveCfg = Debug|x86
		{E421648F-4941-4E1A-B1CB-38C6D3CC2C0E}.Release|x86.ActiveCfg = Release|x86
	EndGlobalSection
	GlobalSection(SolutionProperties) = preSolution
		HideSolutionNode = FALSE
	EndGlobalSection
EndGlobal
